
Microsoft Visual Studio Solution File, Format Version 12.00
# Visual Studio Version 17
VisualStudioVersion = 17.8.34511.84
MinimumVisualStudioVersion = 10.0.40219.1
Project("{FAE04EC0-301F-11D3-BF4B-00C04F79EFBC}") = "MyFirstProject", "MyFirstProject\MyFirstProject.csproj", "{B17786E4-C29A-4FB0-8F76-1A28EA5A2DB0}"
EndProject
Project("{9A19103F-16F7-4668-BE54-9A1E7A4F7556}") = "Classes", "ClassLibrary\Classes.csproj", "{56E1781D-45C7-4496-8DEA-58B735C2A8D0}"
EndProject
Project("{9A19103F-16F7-4668-BE54-9A1E7A4F7556}") = "XOGame", "MyProject\XOGame.csproj", "{6C572274-E8F5-459A-92A3-8EB15025B5C8}"
EndProject
Global
	GlobalSection(SolutionConfigurationPlatforms) = preSolution
		Debug|Any CPU = Debug|Any CPU
		Release|Any CPU = Release|Any CPU
	EndGlobalSection
	GlobalSection(ProjectConfigurationPlatforms) = postSolution
		{B17786E4-C29A-4FB0-8F76-1A28EA5A2DB0}.Debug|Any CPU.ActiveCfg = Debug|Any CPU
		{B17786E4-C29A-4FB0-8F76-1A28EA5A2DB0}.Debug|Any CPU.Build.0 = Debug|Any CPU
		{B17786E4-C29A-4FB0-8F76-1A28EA5A2DB0}.Release|Any CPU.ActiveCfg = Release|Any CPU
		{B17786E4-C29A-4FB0-8F76-1A28EA5A2DB0}.Release|Any CPU.Build.0 = Release|Any CPU
		{56E1781D-45C7-4496-8DEA-58B735C2A8D0}.Debug|Any CPU.ActiveCfg = Debug|Any CPU
		{56E1781D-45C7-4496-8DEA-58B735C2A8D0}.Debug|Any CPU.Build.0 = Debug|Any CPU
		{56E1781D-45C7-4496-8DEA-58B735C2A8D0}.Release|Any CPU.ActiveCfg = Release|Any CPU
		{56E1781D-45C7-4496-8DEA-58B735C2A8D0}.Release|Any CPU.Build.0 = Release|Any CPU
		{6C572274-E8F5-459A-92A3-8EB15025B5C8}.Debug|Any CPU.ActiveCfg = Debug|Any CPU
		{6C572274-E8F5-459A-92A3-8EB15025B5C8}.Debug|Any CPU.Build.0 = Debug|Any CPU
		{6C572274-E8F5-459A-92A3-8EB15025B5C8}.Release|Any CPU.ActiveCfg = Release|Any CPU
		{6C572274-E8F5-459A-92A3-8EB15025B5C8}.Release|Any CPU.Build.0 = Release|Any CPU
	EndGlobalSection
	GlobalSection(SolutionProperties) = preSolution
		HideSolutionNode = FALSE
	EndGlobalSection
	GlobalSection(ExtensibilityGlobals) = postSolution
		SolutionGuid = {C3CFD163-571F-426E-9D48-A381B38068F4}
	EndGlobalSection
EndGlobal
